{
    "_meta": {
        "hash": {
            "sha256": "893190a5845262d1c23000df68aa64b5a4a69d4b175761921e3d87f163c139f4"
        },
        "pipfile-spec": 6,
        "requires": {
            "python_version": "3.7"
        },
        "sources": [
            {
                "name": "pypi",
                "url": "https://pypi.org/simple",
                "verify_ssl": true
            }
        ]
    },
    "default": {
        "django": {
            "hashes": [
                "sha256:04f2e423f2e60943c02bd2959174b844f7d1bcd19eabb7f8e4282999958021fd",
                "sha256:e1cc1cd6b658aa4e052f5f2b148bfda08091d7c3558529708342e37e4e33f72c"
            ],
            "index": "pypi",
            "version": "==2.1.1"
        },
        "django-sass-processor": {
            "hashes": [
                "sha256:6b0d017d969b5efefd69561a196a90eb3dc3b203ad30ab722ada6067006c7682"
            ],
            "index": "pypi",
            "version": "==0.7"
        },
        "libsass": {
            "hashes": [
                "sha256:0f2e421d3e5a53833243e0a5f2cf7ebe9812725a7f27a797c38f3c7190ce2a82",
                "sha256:1b74aff85f1560d629a070552ec67f9f0ff9a47446ffafddafad9944f7589ae1",
                "sha256:1cf80c04a77d36fd77f00b1ae0a269eee780d971fabd9d493b15d30de9857ae5",
                "sha256:1d55dfe8e91a15a7d72d7f8aca16e74da36899e70d911af66d7184f1c82e2b39",
                "sha256:23755425149fe0f576fd0ab7bcd151fe09400b2d980fe176c28f6c19e053c830",
                "sha256:4a434d5b713b97c4141fb71c59341d4ebff8669114b14c626af51e145a48710e",
                "sha256:4dcd5b546bed977276f97eb7a2a13cb7cbf0a38d672e7b5525b7587c8cabcf27",
                "sha256:62771c8ead9227579891814dd714be645243741aa23e5cb232ac0c245cf29a37",
                "sha256:727fb84326ffa930bc09fad8b706e77ada4d13b3adf35cce134962a434d7eccb",
                "sha256:7b9e7179b5f4fc32bc716f86e9ccaeb48ab90e7eb6648b339440346733af8828",
                "sha256:a0ffca466b35fb57f2afe1f1c5fd39b4c51a4107596d28ef8c0d3bb0962244b5",
                "sha256:bb9735066391189b3c0383254d20d59aaafb438d632d7de551c264f16486e773",
                "sha256:cbd5ee83d3603a2b2c2937d8f06acc07b30fd22642ea2460c966d4fd6217f1d0",
                "sha256:de1eae502764b3dde294d6652a0046489cf31008de190c4dd8d05e7f4b5e0d71",
                "sha256:e00b6c6d75a6e912990cbc23d48ddfdbfefc3e400c20be6593988839292248c5",
                "sha256:ed8beef197efc6e6ab0ad03cea0885b31cc11f226290783649b4dafe1fb2ea27"
            ],
            "index": "pypi",
            "version": "==0.14.5"
        },
        "pycrypto": {
            "hashes": [
                "sha256:f2ce1e989b272cfcb677616763e0a2e7ec659effa67a88aa92b3a65528f60a3c"
            ],
            "index": "pypi",
            "version": "==2.6.1"
        },
        "pytz": {
            "hashes": [
                "sha256:a061aa0a9e06881eb8b3b2b43f05b9439d6583c206d0a6c340ff72a7b6669053",
                "sha256:ffb9ef1de172603304d9d2819af6f5ece76f2e85ec10692a524dd876e72bf277"
            ],
            "version": "==2018.5"
        },
        "six": {
            "hashes": [
                "sha256:70e8a77beed4562e7f14fe23a786b54f6296e34344c23bc42f07b15018ff98e9",
                "sha256:832dc0e10feb1aa2c68dcc57dbb658f1c7e65b9b61af69048abc87a2db00a0eb"
            ],
            "version": "==1.11.0"
        }
    },
    "develop": {}
}
